{
  "version": 4,
  "terraform_version": "1.12.2",
  "serial": 63,
  "lineage": "e4b53315-0202-2f76-e450-d7be897aeec3",
  "outputs": {},
  "resources": [
    {
      "mode": "managed",
      "type": "google_access_context_manager_access_level",
      "name": "any_sa_except_hpriv_from_ip",
      "provider": "provider[\"registry.terraform.io/hashicorp/google\"]",
      "instances": [
        {
          "schema_version": 0,
          "attributes": {
            "basic": [
              {
                "combining_function": "AND",
                "conditions": [
                  {
                    "device_policy": [],
                    "ip_subnetworks": [
                      "93.173.47.135/32"
                    ],
                    "members": null,
                    "negate": false,
                    "regions": null,
                    "required_access_levels": null,
                    "vpc_network_sources": []
                  },
                  {
                    "device_policy": [],
                    "ip_subnetworks": null,
                    "members": [
                      "serviceAccount:sa1test@p-prd-app1.iam.gserviceaccount.com"
                    ],
                    "negate": true,
                    "regions": null,
                    "required_access_levels": null,
                    "vpc_network_sources": []
                  }
                ]
              }
            ],
            "custom": [],
            "description": "",
            "id": "accessPolicies/310171633722/accessLevels/anySaExceptHprivFromIp",
            "name": "accessPolicies/310171633722/accessLevels/anySaExceptHprivFromIp",
            "parent": "accessPolicies/310171633722",
            "timeouts": null,
            "title": "Any identity except from high-priv sa"
          },
          "sensitive_attributes": [],
          "identity_schema_version": 0,
          "private": "eyJlMmJmYjczMC1lY2FhLTExZTYtOGY4OC0zNDM2M2JjN2M0YzAiOnsiY3JlYXRlIjoxMjAwMDAwMDAwMDAwLCJkZWxldGUiOjEyMDAwMDAwMDAwMDAsInVwZGF0ZSI6MTIwMDAwMDAwMDAwMH19",
          "dependencies": [
            "google_access_context_manager_access_policy.access_policy"
          ]
        }
      ]
    },
    {
      "mode": "managed",
      "type": "google_access_context_manager_access_policy",
      "name": "access_policy",
      "provider": "provider[\"registry.terraform.io/hashicorp/google\"]",
      "instances": [
        {
          "schema_version": 0,
          "attributes": {
            "create_time": "",
            "id": "310171633722",
            "name": "310171633722",
            "parent": "organizations/323910511922",
            "scopes": null,
            "timeouts": null,
            "title": "ACM_POLICY",
            "update_time": ""
          },
          "sensitive_attributes": [],
          "identity_schema_version": 0,
          "private": "eyJlMmJmYjczMC1lY2FhLTExZTYtOGY4OC0zNDM2M2JjN2M0YzAiOnsiY3JlYXRlIjoxMjAwMDAwMDAwMDAwLCJkZWxldGUiOjEyMDAwMDAwMDAwMDAsInVwZGF0ZSI6MTIwMDAwMDAwMDAwMH19"
        }
      ]
    }
  ],
  "check_results": null
}
